
Microsoft Visual Studio Solution File, Format Version 12.00
# Visual Studio Version 17
VisualStudioVersion = 17.14.36327.8
MinimumVisualStudioVersion = 10.0.40219.1
Project("{FAE04EC0-301F-11D3-BF4B-00C04F79EFBC}") = "scannapp", "scannapp\scannapp.csproj", "{9F26C7D2-02C0-4DF5-A2F3-F8D39788154C}"
EndProject
Project("{FAE04EC0-301F-11D3-BF4B-00C04F79EFBC}") = "DAL", "DAL\DAL.csproj", "{13756EF8-FA60-48D6-9951-F31BB29AED21}"
EndProject
Project("{FAE04EC0-301F-11D3-BF4B-00C04F79EFBC}") = "BLL", "BLL\BLL.csproj", "{7FAA82C4-F099-4507-BB0C-4F1AA382B578}"
EndProject
Global
	GlobalSection(SolutionConfigurationPlatforms) = preSolution
		Debug|Any CPU = Debug|Any CPU
		Release|Any CPU = Release|Any CPU
	EndGlobalSection
	GlobalSection(ProjectConfigurationPlatforms) = postSolution
		{9F26C7D2-02C0-4DF5-A2F3-F8D39788154C}.Debug|Any CPU.ActiveCfg = Debug|Any CPU
		{9F26C7D2-02C0-4DF5-A2F3-F8D39788154C}.Debug|Any CPU.Build.0 = Debug|Any CPU
		{9F26C7D2-02C0-4DF5-A2F3-F8D39788154C}.Release|Any CPU.ActiveCfg = Release|Any CPU
		{9F26C7D2-02C0-4DF5-A2F3-F8D39788154C}.Release|Any CPU.Build.0 = Release|Any CPU
		{13756EF8-FA60-48D6-9951-F31BB29AED21}.Debug|Any CPU.ActiveCfg = Debug|Any CPU
		{13756EF8-FA60-48D6-9951-F31BB29AED21}.Debug|Any CPU.Build.0 = Debug|Any CPU
		{13756EF8-FA60-48D6-9951-F31BB29AED21}.Release|Any CPU.ActiveCfg = Release|Any CPU
		{13756EF8-FA60-48D6-9951-F31BB29AED21}.Release|Any CPU.Build.0 = Release|Any CPU
		{7FAA82C4-F099-4507-BB0C-4F1AA382B578}.Debug|Any CPU.ActiveCfg = Debug|Any CPU
		{7FAA82C4-F099-4507-BB0C-4F1AA382B578}.Debug|Any CPU.Build.0 = Debug|Any CPU
		{7FAA82C4-F099-4507-BB0C-4F1AA382B578}.Release|Any CPU.ActiveCfg = Release|Any CPU
		{7FAA82C4-F099-4507-BB0C-4F1AA382B578}.Release|Any CPU.Build.0 = Release|Any CPU
	EndGlobalSection
	GlobalSection(SolutionProperties) = preSolution
		HideSolutionNode = FALSE
	EndGlobalSection
	GlobalSection(ExtensibilityGlobals) = postSolution
		SolutionGuid = {80120FC6-E44A-4838-9E2F-9B0139AF6D68}
	EndGlobalSection
EndGlobal
